{
  "version": 4,
  "terraform_version": "1.4.6",
  "serial": 286,
  "lineage": "f882e9f3-6178-56ca-d437-d24cb929744d",
  "outputs": {},
  "resources": [
    {
      "mode": "managed",
      "type": "aws_ecs_cluster",
      "name": "demo-ecs-cluster",
      "provider": "provider[\"registry.terraform.io/hashicorp/aws\"]",
      "instances": [
        {
          "schema_version": 0,
          "attributes": {
            "arn": "arn:aws:ecs:us-west-2:182663769864:cluster/ecs-cluster-Anitha",
            "configuration": [],
            "id": "arn:aws:ecs:us-west-2:182663769864:cluster/ecs-cluster-Anitha",
            "name": "ecs-cluster-Anitha",
            "service_connect_defaults": [],
            "setting": [
              {
                "name": "containerInsights",
                "value": "disabled"
              }
            ],
            "tags": {},
            "tags_all": {}
          },
          "sensitive_attributes": [],
          "private": "bnVsbA=="
        }
      ]
    }
  ],
  "check_results": null
}
